// !$*UTF8*$!
{
	archiveVersion = 1;
	classes = {
	};
	objectVersion = 77;
	objects = {

/* Begin PBXBuildFile section */
		20B666742D4FDD0E00821B3C /* Jenkinsfile in Resources */ = {isa = PBXBuildFile; fileRef = 20B666732D4FDCE200821B3C /* Jenkinsfile */; };
		813CB99B51F51AD804B9AAAB /* Pods_MySimpleIosApp.framework in Frameworks */ = {isa = PBXBuildFile; fileRef = 5D04F93162041DB7BAABD4B9 /* Pods_MySimpleIosApp.framework */; };
		852FEA610A09AFF17A52666F /* Pods_MySimpleIosAppTests.framework in Frameworks */ = {isa = PBXBuildFile; fileRef = A246324136C64F62989AEAB7 /* Pods_MySimpleIosAppTests.framework */; };
		A2F02742323857622E00380B /* Pods_MySimpleIosAppUITests.framework in Frameworks */ = {isa = PBXBuildFile; fileRef = 39630E12ADCEADC79F30CE0F /* Pods_MySimpleIosAppUITests.framework */; };
/* End PBXBuildFile section */

/* Begin PBXContainerItemProxy section */
		20716B992D4FB4FB0078C14D /* PBXContainerItemProxy */ = {
			isa = PBXContainerItemProxy;
			containerPortal = 20716B802D4FB4FA0078C14D /* Project object */;
			proxyType = 1;
			remoteGlobalIDString = 20716B872D4FB4FA0078C14D;
			remoteInfo = MySimpleIosApp;
		};
		20716BA32D4FB4FB0078C14D /* PBXContainerItemProxy */ = {
			isa = PBXContainerItemProxy;
			containerPortal = 20716B802D4FB4FA0078C14D /* Project object */;
			proxyType = 1;
			remoteGlobalIDString = 20716B872D4FB4FA0078C14D;
			remoteInfo = MySimpleIosApp;
		};
/* End PBXContainerItemProxy section */

/* Begin PBXFileReference section */
		20716B882D4FB4FA0078C14D /* MySimpleIosApp.app */ = {isa = PBXFileReference; explicitFileType = wrapper.application; includeInIndex = 0; path = MySimpleIosApp.app; sourceTree = BUILT_PRODUCTS_DIR; };
		20716B982D4FB4FB0078C14D /* MySimpleIosAppTests.xctest */ = {isa = PBXFileReference; explicitFileType = wrapper.cfbundle; includeInIndex = 0; path = MySimpleIosAppTests.xctest; sourceTree = BUILT_PRODUCTS_DIR; };
		20716BA22D4FB4FB0078C14D /* MySimpleIosAppUITests.xctest */ = {isa = PBXFileReference; explicitFileType = wrapper.cfbundle; includeInIndex = 0; path = MySimpleIosAppUITests.xctest; sourceTree = BUILT_PRODUCTS_DIR; };
		20B666732D4FDCE200821B3C /* Jenkinsfile */ = {isa = PBXFileReference; lastKnownFileType = text; path = Jenkinsfile; sourceTree = "<group>"; };
		29BB2C0F9037838B9DB97007 /* Pods-MySimpleIosApp.release.xcconfig */ = {isa = PBXFileReference; includeInIndex = 1; lastKnownFileType = text.xcconfig; name = "Pods-MySimpleIosApp.release.xcconfig"; path = "Target Support Files/Pods-MySimpleIosApp/Pods-MySimpleIosApp.release.xcconfig"; sourceTree = "<group>"; };
		30AE2756EF67DB42B3C51EDB /* Pods-MySimpleIosAppTests.debug.xcconfig */ = {isa = PBXFileReference; includeInIndex = 1; lastKnownFileType = text.xcconfig; name = "Pods-MySimpleIosAppTests.debug.xcconfig"; path = "Target Support Files/Pods-MySimpleIosAppTests/Pods-MySimpleIosAppTests.debug.xcconfig"; sourceTree = "<group>"; };
		39630E12ADCEADC79F30CE0F /* Pods_MySimpleIosAppUITests.framework */ = {isa = PBXFileReference; explicitFileType = wrapper.framework; includeInIndex = 0; path = Pods_MySimpleIosAppUITests.framework; sourceTree = BUILT_PRODUCTS_DIR; };
		5D04F93162041DB7BAABD4B9 /* Pods_MySimpleIosApp.framework */ = {isa = PBXFileReference; explicitFileType = wrapper.framework; includeInIndex = 0; path = Pods_MySimpleIosApp.framework; sourceTree = BUILT_PRODUCTS_DIR; };
		94DFE70C6881E6F7E3517354 /* Pods-MySimpleIosAppUITests.debug.xcconfig */ = {isa = PBXFileReference; includeInIndex = 1; lastKnownFileType = text.xcconfig; name = "Pods-MySimpleIosAppUITests.debug.xcconfig"; path = "Target Support Files/Pods-MySimpleIosAppUITests/Pods-MySimpleIosAppUITests.debug.xcconfig"; sourceTree = "<group>"; };
		A246324136C64F62989AEAB7 /* Pods_MySimpleIosAppTests.framework */ = {isa = PBXFileReference; explicitFileType = wrapper.framework; includeInIndex = 0; path = Pods_MySimpleIosAppTests.framework; sourceTree = BUILT_PRODUCTS_DIR; };
		BA4C76F23E88427EB8559346 /* Pods-MySimpleIosAppTests.release.xcconfig */ = {isa = PBXFileReference; includeInIndex = 1; lastKnownFileType = text.xcconfig; name = "Pods-MySimpleIosAppTests.release.xcconfig"; path = "Target Support Files/Pods-MySimpleIosAppTests/Pods-MySimpleIosAppTests.release.xcconfig"; sourceTree = "<group>"; };
		DCA567A2F6374A1A8CEA8D7A /* Pods-MySimpleIosApp.debug.xcconfig */ = {isa = PBXFileReference; includeInIndex = 1; lastKnownFileType = text.xcconfig; name = "Pods-MySimpleIosApp.debug.xcconfig"; path = "Target Support Files/Pods-MySimpleIosApp/Pods-MySimpleIosApp.debug.xcconfig"; sourceTree = "<group>"; };
		FB53B958290DF493396AB671 /* Pods-MySimpleIosAppUITests.release.xcconfig */ = {isa = PBXFileReference; includeInIndex = 1; lastKnownFileType = text.xcconfig; name = "Pods-MySimpleIosAppUITests.release.xcconfig"; path = "Target Support Files/Pods-MySimpleIosAppUITests/Pods-MySimpleIosAppUITests.release.xcconfig"; sourceTree = "<group>"; };
/* End PBXFileReference section */

/* Begin PBXFileSystemSynchronizedRootGroup section */
		20716B8A2D4FB4FA0078C14D /* MySimpleIosApp */ = {
			isa = PBXFileSystemSynchronizedRootGroup;
			exceptions = (
			);
			path = MySimpleIosApp;
			sourceTree = "<group>";
		};
		20716B9B2D4FB4FB0078C14D /* MySimpleIosAppTests */ = {
			isa = PBXFileSystemSynchronizedRootGroup;
			exceptions = (
			);
			path = MySimpleIosAppTests;
			sourceTree = "<group>";
		};
		20716BA52D4FB4FB0078C14D /* MySimpleIosAppUITests */ = {
			isa = PBXFileSystemSynchronizedRootGroup;
			exceptions = (
			);
			path = MySimpleIosAppUITests;
			sourceTree = "<group>";
		};
		20B666752D4FE6A700821B3C /* fastlane */ = {
			isa = PBXFileSystemSynchronizedRootGroup;
			exceptions = (
			);
			path = fastlane;
			sourceTree = "<group>";
		};
/* End PBXFileSystemSynchronizedRootGroup section */

/* Begin PBXFrameworksBuildPhase section */
		20716B852D4FB4FA0078C14D /* Frameworks */ = {
			isa = PBXFrameworksBuildPhase;
			buildActionMask = 2147483647;
			files = (
				813CB99B51F51AD804B9AAAB /* Pods_MySimpleIosApp.framework in Frameworks */,
			);
			runOnlyForDeploymentPostprocessing = 0;
		};
		20716B952D4FB4FB0078C14D /* Frameworks */ = {
			isa = PBXFrameworksBuildPhase;
			buildActionMask = 2147483647;
			files = (
				852FEA610A09AFF17A52666F /* Pods_MySimpleIosAppTests.framework in Frameworks */,
			);
			runOnlyForDeploymentPostprocessing = 0;
		};
		20716B9F2D4FB4FB0078C14D /* Frameworks */ = {
			isa = PBXFrameworksBuildPhase;
			buildActionMask = 2147483647;
			files = (
				A2F02742323857622E00380B /* Pods_MySimpleIosAppUITests.framework in Frameworks */,
			);
			runOnlyForDeploymentPostprocessing = 0;
		};
/* End PBXFrameworksBuildPhase section */

/* Begin PBXGroup section */
		20716B7F2D4FB4FA0078C14D = {
			isa = PBXGroup;
			children = (
				20B666752D4FE6A700821B3C /* fastlane */,
				20B666732D4FDCE200821B3C /* Jenkinsfile */,
				20716B8A2D4FB4FA0078C14D /* MySimpleIosApp */,
				20716B9B2D4FB4FB0078C14D /* MySimpleIosAppTests */,
				20716BA52D4FB4FB0078C14D /* MySimpleIosAppUITests */,
				20716B892D4FB4FA0078C14D /* Products */,
				4E1B0C8C6F18CD43AE4E2D39 /* Pods */,
				464F3920B5152D34240A259A /* Frameworks */,
			);
			sourceTree = "<group>";
		};
		20716B892D4FB4FA0078C14D /* Products */ = {
			isa = PBXGroup;
			children = (
				20716B882D4FB4FA0078C14D /* MySimpleIosApp.app */,
				20716B982D4FB4FB0078C14D /* MySimpleIosAppTests.xctest */,
				20716BA22D4FB4FB0078C14D /* MySimpleIosAppUITests.xctest */,
			);
			name = Products;
			sourceTree = "<group>";
		};
		464F3920B5152D34240A259A /* Frameworks */ = {
			isa = PBXGroup;
			children = (
				5D04F93162041DB7BAABD4B9 /* Pods_MySimpleIosApp.framework */,
				A246324136C64F62989AEAB7 /* Pods_MySimpleIosAppTests.framework */,
				39630E12ADCEADC79F30CE0F /* Pods_MySimpleIosAppUITests.framework */,
			);
			name = Frameworks;
			sourceTree = "<group>";
		};
		4E1B0C8C6F18CD43AE4E2D39 /* Pods */ = {
			isa = PBXGroup;
			children = (
				DCA567A2F6374A1A8CEA8D7A /* Pods-MySimpleIosApp.debug.xcconfig */,
				29BB2C0F9037838B9DB97007 /* Pods-MySimpleIosApp.release.xcconfig */,
				30AE2756EF67DB42B3C51EDB /* Pods-MySimpleIosAppTests.debug.xcconfig */,
				BA4C76F23E88427EB8559346 /* Pods-MySimpleIosAppTests.release.xcconfig */,
				94DFE70C6881E6F7E3517354 /* Pods-MySimpleIosAppUITests.debug.xcconfig */,
				FB53B958290DF493396AB671 /* Pods-MySimpleIosAppUITests.release.xcconfig */,
			);
			name = Pods;
			path = Pods;
			sourceTree = "<group>";
		};
/* End PBXGroup section */

/* Begin PBXNativeTarget section */
		20716B872D4FB4FA0078C14D /* MySimpleIosApp */ = {
			isa = PBXNativeTarget;
			buildConfigurationList = 20716BAC2D4FB4FB0078C14D /* Build configuration list for PBXNativeTarget "MySimpleIosApp" */;
			buildPhases = (
				A1905BA3CEDCDBC5D617D2D8 /* [CP] Check Pods Manifest.lock */,
				20716B842D4FB4FA0078C14D /* Sources */,
				20716B852D4FB4FA0078C14D /* Frameworks */,
				20716B862D4FB4FA0078C14D /* Resources */,
				F87D647557B375C75F4A83D1 /* [CP] Embed Pods Frameworks */,
			);
			buildRules = (
			);
			dependencies = (
			);
			fileSystemSynchronizedGroups = (
				20716B8A2D4FB4FA0078C14D /* MySimpleIosApp */,
				20B666752D4FE6A700821B3C /* fastlane */,
			);
			name = MySimpleIosApp;
			productName = MySimpleIosApp;
			productReference = 20716B882D4FB4FA0078C14D /* MySimpleIosApp.app */;
			productType = "com.apple.product-type.application";
		};
		20716B972D4FB4FB0078C14D /* MySimpleIosAppTests */ = {
			isa = PBXNativeTarget;
			buildConfigurationList = 20716BAF2D4FB4FB0078C14D /* Build configuration list for PBXNativeTarget "MySimpleIosAppTests" */;
			buildPhases = (
				068C9B09E29CDF9A6A5D81CF /* [CP] Check Pods Manifest.lock */,
				20716B942D4FB4FB0078C14D /* Sources */,
				20716B952D4FB4FB0078C14D /* Frameworks */,
				20716B962D4FB4FB0078C14D /* Resources */,
			);
			buildRules = (
			);
			dependencies = (
				20716B9A2D4FB4FB0078C14D /* PBXTargetDependency */,
			);
			fileSystemSynchronizedGroups = (
				20716B9B2D4FB4FB0078C14D /* MySimpleIosAppTests */,
			);
			name = MySimpleIosAppTests;
			productName = MySimpleIosAppTests;
			productReference = 20716B982D4FB4FB0078C14D /* MySimpleIosAppTests.xctest */;
			productType = "com.apple.product-type.bundle.unit-test";
		};
		20716BA12D4FB4FB0078C14D /* MySimpleIosAppUITests */ = {
			isa = PBXNativeTarget;
			buildConfigurationList = 20716BB22D4FB4FB0078C14D /* Build configuration list for PBXNativeTarget "MySimpleIosAppUITests" */;
			buildPhases = (
				5BED2F913E612B8C4901C0E1 /* [CP] Check Pods Manifest.lock */,
				20716B9E2D4FB4FB0078C14D /* Sources */,
				20716B9F2D4FB4FB0078C14D /* Frameworks */,
				20716BA02D4FB4FB0078C14D /* Resources */,
			);
			buildRules = (
			);
			dependencies = (
				20716BA42D4FB4FB0078C14D /* PBXTargetDependency */,
			);
			fileSystemSynchronizedGroups = (
				20716BA52D4FB4FB0078C14D /* MySimpleIosAppUITests */,
			);
			name = MySimpleIosAppUITests;
			productName = MySimpleIosAppUITests;
			productReference = 20716BA22D4FB4FB0078C14D /* MySimpleIosAppUITests.xctest */;
			productType = "com.apple.product-type.bundle.ui-testing";
		};
/* End PBXNativeTarget section */

/* Begin PBXProject section */
		20716B802D4FB4FA0078C14D /* Project object */ = {
			isa = PBXProject;
			attributes = {
				BuildIndependentTargetsInParallel = 1;
				LastSwiftUpdateCheck = 1620;
				LastUpgradeCheck = 1620;
				TargetAttributes = {
					20716B872D4FB4FA0078C14D = {
						CreatedOnToolsVersion = 16.2;
					};
					20716B972D4FB4FB0078C14D = {
						CreatedOnToolsVersion = 16.2;
						TestTargetID = 20716B872D4FB4FA0078C14D;
					};
					20716BA12D4FB4FB0078C14D = {
						CreatedOnToolsVersion = 16.2;
						TestTargetID = 20716B872D4FB4FA0078C14D;
					};
				};
			};
			buildConfigurationList = 20716B832D4FB4FA0078C14D /* Build configuration list for PBXProject "MySimpleIosApp" */;
			developmentRegion = en;
			hasScannedForEncodings = 0;
			knownRegions = (
				en,
				Base,
			);
			mainGroup = 20716B7F2D4FB4FA0078C14D;
			minimizedProjectReferenceProxies = 1;
			preferredProjectObjectVersion = 77;
			productRefGroup = 20716B892D4FB4FA0078C14D /* Products */;
			projectDirPath = "";
			projectRoot = "";
			targets = (
				20716B872D4FB4FA0078C14D /* MySimpleIosApp */,
				20716B972D4FB4FB0078C14D /* MySimpleIosAppTests */,
				20716BA12D4FB4FB0078C14D /* MySimpleIosAppUITests */,
			);
		};
/* End PBXProject section */

/* Begin PBXResourcesBuildPhase section */
		20716B862D4FB4FA0078C14D /* Resources */ = {
			isa = PBXResourcesBuildPhase;
			buildActionMask = 2147483647;
			files = (
				20B666742D4FDD0E00821B3C /* Jenkinsfile in Resources */,
			);
			runOnlyForDeploymentPostprocessing = 0;
		};
		20716B962D4FB4FB0078C14D /* Resources */ = {
			isa = PBXResourcesBuildPhase;
			buildActionMask = 2147483647;
			files = (
			);
			runOnlyForDeploymentPostprocessing = 0;
		};
		20716BA02D4FB4FB0078C14D /* Resources */ = {
			isa = PBXResourcesBuildPhase;
			buildActionMask = 2147483647;
			files = (
			);
			runOnlyForDeploymentPostprocessing = 0;
		};
/* End PBXResourcesBuildPhase section */

/* Begin PBXShellScriptBuildPhase section */
		068C9B09E29CDF9A6A5D81CF /* [CP] Check Pods Manifest.lock */ = {
			isa = PBXShellScriptBuildPhase;
			buildActionMask = 2147483647;
			files = (
			);
			inputFileListPaths = (
			);
			inputPaths = (
				"${PODS_PODFILE_DIR_PATH}/Podfile.lock",
				"${PODS_ROOT}/Manifest.lock",
			);
			name = "[CP] Check Pods Manifest.lock";
			outputFileListPaths = (
			);
			outputPaths = (
				"$(DERIVED_FILE_DIR)/Pods-MySimpleIosAppTests-checkManifestLockResult.txt",
			);
			runOnlyForDeploymentPostprocessing = 0;
			shellPath = /bin/sh;
			shellScript = "diff \"${PODS_PODFILE_DIR_PATH}/Podfile.lock\" \"${PODS_ROOT}/Manifest.lock\" > /dev/null\nif [ $? != 0 ] ; then\n    # print error to STDERR\n    echo \"error: The sandbox is not in sync with the Podfile.lock. Run 'pod install' or update your CocoaPods installation.\" >&2\n    exit 1\nfi\n# This output is used by Xcode 'outputs' to avoid re-running this script phase.\necho \"SUCCESS\" > \"${SCRIPT_OUTPUT_FILE_0}\"\n";
			showEnvVarsInLog = 0;
		};
		5BED2F913E612B8C4901C0E1 /* [CP] Check Pods Manifest.lock */ = {
			isa = PBXShellScriptBuildPhase;
			buildActionMask = 2147483647;
			files = (
			);
			inputFileListPaths = (
			);
			inputPaths = (
				"${PODS_PODFILE_DIR_PATH}/Podfile.lock",
				"${PODS_ROOT}/Manifest.lock",
			);
			name = "[CP] Check Pods Manifest.lock";
			outputFileListPaths = (
			);
			outputPaths = (
				"$(DERIVED_FILE_DIR)/Pods-MySimpleIosAppUITests-checkManifestLockResult.txt",
			);
			runOnlyForDeploymentPostprocessing = 0;
			shellPath = /bin/sh;
			shellScript = "diff \"${PODS_PODFILE_DIR_PATH}/Podfile.lock\" \"${PODS_ROOT}/Manifest.lock\" > /dev/null\nif [ $? != 0 ] ; then\n    # print error to STDERR\n    echo \"error: The sandbox is not in sync with the Podfile.lock. Run 'pod install' or update your CocoaPods installation.\" >&2\n    exit 1\nfi\n# This output is used by Xcode 'outputs' to avoid re-running this script phase.\necho \"SUCCESS\" > \"${SCRIPT_OUTPUT_FILE_0}\"\n";
			showEnvVarsInLog = 0;
		};
		A1905BA3CEDCDBC5D617D2D8 /* [CP] Check Pods Manifest.lock */ = {
			isa = PBXShellScriptBuildPhase;
			buildActionMask = 2147483647;
			files = (
			);
			inputFileListPaths = (
			);
			inputPaths = (
				"${PODS_PODFILE_DIR_PATH}/Podfile.lock",
				"${PODS_ROOT}/Manifest.lock",
			);
			name = "[CP] Check Pods Manifest.lock";
			outputFileListPaths = (
			);
			outputPaths = (
				"$(DERIVED_FILE_DIR)/Pods-MySimpleIosApp-checkManifestLockResult.txt",
			);
			runOnlyForDeploymentPostprocessing = 0;
			shellPath = /bin/sh;
			shellScript = "diff \"${PODS_PODFILE_DIR_PATH}/Podfile.lock\" \"${PODS_ROOT}/Manifest.lock\" > /dev/null\nif [ $? != 0 ] ; then\n    # print error to STDERR\n    echo \"error: The sandbox is not in sync with the Podfile.lock. Run 'pod install' or update your CocoaPods installation.\" >&2\n    exit 1\nfi\n# This output is used by Xcode 'outputs' to avoid re-running this script phase.\necho \"SUCCESS\" > \"${SCRIPT_OUTPUT_FILE_0}\"\n";
			showEnvVarsInLog = 0;
		};
		F87D647557B375C75F4A83D1 /* [CP] Embed Pods Frameworks */ = {
			isa = PBXShellScriptBuildPhase;
			buildActionMask = 2147483647;
			files = (
			);
			inputFileListPaths = (
				"${PODS_ROOT}/Target Support Files/Pods-MySimpleIosApp/Pods-MySimpleIosApp-frameworks-${CONFIGURATION}-input-files.xcfilelist",
			);
			name = "[CP] Embed Pods Frameworks";
			outputFileListPaths = (
				"${PODS_ROOT}/Target Support Files/Pods-MySimpleIosApp/Pods-MySimpleIosApp-frameworks-${CONFIGURATION}-output-files.xcfilelist",
			);
			runOnlyForDeploymentPostprocessing = 0;
			shellPath = /bin/sh;
			shellScript = "\"${PODS_ROOT}/Target Support Files/Pods-MySimpleIosApp/Pods-MySimpleIosApp-frameworks.sh\"\n";
			showEnvVarsInLog = 0;
		};
/* End PBXShellScriptBuildPhase section */

/* Begin PBXSourcesBuildPhase section */
		20716B842D4FB4FA0078C14D /* Sources */ = {
			isa = PBXSourcesBuildPhase;
			buildActionMask = 2147483647;
			files = (
			);
			runOnlyForDeploymentPostprocessing = 0;
		};
		20716B942D4FB4FB0078C14D /* Sources */ = {
			isa = PBXSourcesBuildPhase;
			buildActionMask = 2147483647;
			files = (
			);
			runOnlyForDeploymentPostprocessing = 0;
		};
		20716B9E2D4FB4FB0078C14D /* Sources */ = {
			isa = PBXSourcesBuildPhase;
			buildActionMask = 2147483647;
			files = (
			);
			runOnlyForDeploymentPostprocessing = 0;
		};
/* End PBXSourcesBuildPhase section */

/* Begin PBXTargetDependency section */
		20716B9A2D4FB4FB0078C14D /* PBXTargetDependency */ = {
			isa = PBXTargetDependency;
			target = 20716B872D4FB4FA0078C14D /* MySimpleIosApp */;
			targetProxy = 20716B992D4FB4FB0078C14D /* PBXContainerItemProxy */;
		};
		20716BA42D4FB4FB0078C14D /* PBXTargetDependency */ = {
			isa = PBXTargetDependency;
			target = 20716B872D4FB4FA0078C14D /* MySimpleIosApp */;
			targetProxy = 20716BA32D4FB4FB0078C14D /* PBXContainerItemProxy */;
		};
/* End PBXTargetDependency section */

/* Begin XCBuildConfiguration section */
		20716BAA2D4FB4FB0078C14D /* Debug */ = {
			isa = XCBuildConfiguration;
			buildSettings = {
				ALWAYS_SEARCH_USER_PATHS = NO;
				ASSETCATALOG_COMPILER_GENERATE_SWIFT_ASSET_SYMBOL_EXTENSIONS = YES;
				CLANG_ANALYZER_NONNULL = YES;
				CLANG_ANALYZER_NUMBER_OBJECT_CONVERSION = YES_AGGRESSIVE;
				CLANG_CXX_LANGUAGE_STANDARD = "gnu++20";
				CLANG_ENABLE_MODULES = YES;
				CLANG_ENABLE_OBJC_ARC = YES;
				CLANG_ENABLE_OBJC_WEAK = YES;
				CLANG_WARN_BLOCK_CAPTURE_AUTORELEASING = YES;
				CLANG_WARN_BOOL_CONVERSION = YES;
				CLANG_WARN_COMMA = YES;
				CLANG_WARN_CONSTANT_CONVERSION = YES;
				CLANG_WARN_DEPRECATED_OBJC_IMPLEMENTATIONS = YES;
				CLANG_WARN_DIRECT_OBJC_ISA_USAGE = YES_ERROR;
				CLANG_WARN_DOCUMENTATION_COMMENTS = YES;
				CLANG_WARN_EMPTY_BODY = YES;
				CLANG_WARN_ENUM_CONVERSION = YES;
				CLANG_WARN_INFINITE_RECURSION = YES;
				CLANG_WARN_INT_CONVERSION = YES;
				CLANG_WARN_NON_LITERAL_NULL_CONVERSION = YES;
				CLANG_WARN_OBJC_IMPLICIT_RETAIN_SELF = YES;
				CLANG_WARN_OBJC_LITERAL_CONVERSION = YES;
				CLANG_WARN_OBJC_ROOT_CLASS = YES_ERROR;
				CLANG_WARN_QUOTED_INCLUDE_IN_FRAMEWORK_HEADER = YES;
				CLANG_WARN_RANGE_LOOP_ANALYSIS = YES;
				CLANG_WARN_STRICT_PROTOTYPES = YES;
				CLANG_WARN_SUSPICIOUS_MOVE = YES;
				CLANG_WARN_UNGUARDED_AVAILABILITY = YES_AGGRESSIVE;
				CLANG_WARN_UNREACHABLE_CODE = YES;
				CLANG_WARN__DUPLICATE_METHOD_MATCH = YES;
				COPY_PHASE_STRIP = NO;
				DEBUG_INFORMATION_FORMAT = dwarf;
				ENABLE_STRICT_OBJC_MSGSEND = YES;
				ENABLE_TESTABILITY = YES;
				ENABLE_USER_SCRIPT_SANDBOXING = YES;
				GCC_C_LANGUAGE_STANDARD = gnu17;
				GCC_DYNAMIC_NO_PIC = NO;
				GCC_NO_COMMON_BLOCKS = YES;
				GCC_OPTIMIZATION_LEVEL = 0;
				GCC_PREPROCESSOR_DEFINITIONS = (
					"DEBUG=1",
					"$(inherited)",
				);
				GCC_WARN_64_TO_32_BIT_CONVERSION = YES;
				GCC_WARN_ABOUT_RETURN_TYPE = YES_ERROR;
				GCC_WARN_UNDECLARED_SELECTOR = YES;
				GCC_WARN_UNINITIALIZED_AUTOS = YES_AGGRESSIVE;
				GCC_WARN_UNUSED_FUNCTION = YES;
				GCC_WARN_UNUSED_VARIABLE = YES;
				IPHONEOS_DEPLOYMENT_TARGET = 18.2;
				LOCALIZATION_PREFERS_STRING_CATALOGS = YES;
				MTL_ENABLE_DEBUG_INFO = INCLUDE_SOURCE;
				MTL_FAST_MATH = YES;
				ONLY_ACTIVE_ARCH = YES;
				SDKROOT = iphoneos;
				SWIFT_ACTIVE_COMPILATION_CONDITIONS = "DEBUG $(inherited)";
				SWIFT_OPTIMIZATION_LEVEL = "-Onone";
			};
			name = Debug;
		};
		20716BAB2D4FB4FB0078C14D /* Release */ = {
			isa = XCBuildConfiguration;
			buildSettings = {
				ALWAYS_SEARCH_USER_PATHS = NO;
				ASSETCATALOG_COMPILER_GENERATE_SWIFT_ASSET_SYMBOL_EXTENSIONS = YES;
				CLANG_ANALYZER_NONNULL = YES;
				CLANG_ANALYZER_NUMBER_OBJECT_CONVERSION = YES_AGGRESSIVE;
				CLANG_CXX_LANGUAGE_STANDARD = "gnu++20";
				CLANG_ENABLE_MODULES = YES;
				CLANG_ENABLE_OBJC_ARC = YES;
				CLANG_ENABLE_OBJC_WEAK = YES;
				CLANG_WARN_BLOCK_CAPTURE_AUTORELEASING = YES;
				CLANG_WARN_BOOL_CONVERSION = YES;
				CLANG_WARN_COMMA = YES;
				CLANG_WARN_CONSTANT_CONVERSION = YES;
				CLANG_WARN_DEPRECATED_OBJC_IMPLEMENTATIONS = YES;
				CLANG_WARN_DIRECT_OBJC_ISA_USAGE = YES_ERROR;
				CLANG_WARN_DOCUMENTATION_COMMENTS = YES;
				CLANG_WARN_EMPTY_BODY = YES;
				CLANG_WARN_ENUM_CONVERSION = YES;
				CLANG_WARN_INFINITE_RECURSION = YES;
				CLANG_WARN_INT_CONVERSION = YES;
				CLANG_WARN_NON_LITERAL_NULL_CONVERSION = YES;
				CLANG_WARN_OBJC_IMPLICIT_RETAIN_SELF = YES;
				CLANG_WARN_OBJC_LITERAL_CONVERSION = YES;
				CLANG_WARN_OBJC_ROOT_CLASS = YES_ERROR;
				CLANG_WARN_QUOTED_INCLUDE_IN_FRAMEWORK_HEADER = YES;
				CLANG_WARN_RANGE_LOOP_ANALYSIS = YES;
				CLANG_WARN_STRICT_PROTOTYPES = YES;
				CLANG_WARN_SUSPICIOUS_MOVE = YES;
				CLANG_WARN_UNGUARDED_AVAILABILITY = YES_AGGRESSIVE;
				CLANG_WARN_UNREACHABLE_CODE = YES;
				CLANG_WARN__DUPLICATE_METHOD_MATCH = YES;
				COPY_PHASE_STRIP = NO;
				DEBUG_INFORMATION_FORMAT = "dwarf-with-dsym";
				ENABLE_NS_ASSERTIONS = NO;
				ENABLE_STRICT_OBJC_MSGSEND = YES;
				ENABLE_USER_SCRIPT_SANDBOXING = YES;
				GCC_C_LANGUAGE_STANDARD = gnu17;
				GCC_NO_COMMON_BLOCKS = YES;
				GCC_WARN_64_TO_32_BIT_CONVERSION = YES;
				GCC_WARN_ABOUT_RETURN_TYPE = YES_ERROR;
				GCC_WARN_UNDECLARED_SELECTOR = YES;
				GCC_WARN_UNINITIALIZED_AUTOS = YES_AGGRESSIVE;
				GCC_WARN_UNUSED_FUNCTION = YES;
				GCC_WARN_UNUSED_VARIABLE = YES;
				IPHONEOS_DEPLOYMENT_TARGET = 18.2;
				LOCALIZATION_PREFERS_STRING_CATALOGS = YES;
				MTL_ENABLE_DEBUG_INFO = NO;
				MTL_FAST_MATH = YES;
				SDKROOT = iphoneos;
				SWIFT_COMPILATION_MODE = wholemodule;
				VALIDATE_PRODUCT = YES;
			};
			name = Release;
		};
		20716BAD2D4FB4FB0078C14D /* Debug */ = {
			isa = XCBuildConfiguration;
			baseConfigurationReference = DCA567A2F6374A1A8CEA8D7A /* Pods-MySimpleIosApp.debug.xcconfig */;
			buildSettings = {
				ASSETCATALOG_COMPILER_APPICON_NAME = AppIcon;
				ASSETCATALOG_COMPILER_GLOBAL_ACCENT_COLOR_NAME = AccentColor;
				CODE_SIGN_STYLE = Automatic;
				CURRENT_PROJECT_VERSION = 1;
				DEVELOPMENT_ASSET_PATHS = "\"MySimpleIosApp/Preview Content\"";
				ENABLE_PREVIEWS = YES;
				GENERATE_INFOPLIST_FILE = YES;
				INFOPLIST_KEY_UIApplicationSceneManifest_Generation = YES;
				INFOPLIST_KEY_UIApplicationSupportsIndirectInputEvents = YES;
				INFOPLIST_KEY_UILaunchScreen_Generation = YES;
				INFOPLIST_KEY_UISupportedInterfaceOrientations_iPad = "UIInterfaceOrientationPortrait UIInterfaceOrientationPortraitUpsideDown UIInterfaceOrientationLandscapeLeft UIInterfaceOrientationLandscapeRight";
				INFOPLIST_KEY_UISupportedInterfaceOrientations_iPhone = "UIInterfaceOrientationPortrait UIInterfaceOrientationLandscapeLeft UIInterfaceOrientationLandscapeRight";
				LD_RUNPATH_SEARCH_PATHS = (
					"$(inherited)",
					"@executable_path/Frameworks",
				);
				MARKETING_VERSION = 1.0;
				PRODUCT_BUNDLE_IDENTIFIER = com.rohit.MySimpleIosApp;
				PRODUCT_NAME = "$(TARGET_NAME)";
				SWIFT_EMIT_LOC_STRINGS = YES;
				SWIFT_VERSION = 5.0;
				TARGETED_DEVICE_FAMILY = "1,2";
			};
			name = Debug;
		};
		20716BAE2D4FB4FB0078C14D /* Release */ = {
			isa = XCBuildConfiguration;
			baseConfigurationReference = 29BB2C0F9037838B9DB97007 /* Pods-MySimpleIosApp.release.xcconfig */;
			buildSettings = {
				ASSETCATALOG_COMPILER_APPICON_NAME = AppIcon;
				ASSETCATALOG_COMPILER_GLOBAL_ACCENT_COLOR_NAME = AccentColor;
				CODE_SIGN_STYLE = Automatic;
				CURRENT_PROJECT_VERSION = 1;
				DEVELOPMENT_ASSET_PATHS = "\"MySimpleIosApp/Preview Content\"";
				ENABLE_PREVIEWS = YES;
				GENERATE_INFOPLIST_FILE = YES;
				INFOPLIST_KEY_UIApplicationSceneManifest_Generation = YES;
				INFOPLIST_KEY_UIApplicationSupportsIndirectInputEvents = YES;
				INFOPLIST_KEY_UILaunchScreen_Generation = YES;
				INFOPLIST_KEY_UISupportedInterfaceOrientations_iPad = "UIInterfaceOrientationPortrait UIInterfaceOrientationPortraitUpsideDown UIInterfaceOrientationLandscapeLeft UIInterfaceOrientationLandscapeRight";
				INFOPLIST_KEY_UISupportedInterfaceOrientations_iPhone = "UIInterfaceOrientationPortrait UIInterfaceOrientationLandscapeLeft UIInterfaceOrientationLandscapeRight";
				LD_RUNPATH_SEARCH_PATHS = (
					"$(inherited)",
					"@executable_path/Frameworks",
				);
				MARKETING_VERSION = 1.0;
				PRODUCT_BUNDLE_IDENTIFIER = com.rohit.MySimpleIosApp;
				PRODUCT_NAME = "$(TARGET_NAME)";
				SWIFT_EMIT_LOC_STRINGS = YES;
				SWIFT_VERSION = 5.0;
				TARGETED_DEVICE_FAMILY = "1,2";
			};
			name = Release;
		};
		20716BB02D4FB4FB0078C14D /* Debug */ = {
			isa = XCBuildConfiguration;
			baseConfigurationReference = 30AE2756EF67DB42B3C51EDB /* Pods-MySimpleIosAppTests.debug.xcconfig */;
			buildSettings = {
				BUNDLE_LOADER = "$(TEST_HOST)";
				CODE_SIGN_STYLE = Automatic;
				CURRENT_PROJECT_VERSION = 1;
				GENERATE_INFOPLIST_FILE = YES;
				IPHONEOS_DEPLOYMENT_TARGET = 18.2;
				MARKETING_VERSION = 1.0;
				PRODUCT_BUNDLE_IDENTIFIER = com.rohit.MySimpleIosAppTests;
				PRODUCT_NAME = "$(TARGET_NAME)";
				SWIFT_EMIT_LOC_STRINGS = NO;
				SWIFT_VERSION = 5.0;
				TARGETED_DEVICE_FAMILY = "1,2";
				TEST_HOST = "$(BUILT_PRODUCTS_DIR)/MySimpleIosApp.app/$(BUNDLE_EXECUTABLE_FOLDER_PATH)/MySimpleIosApp";
			};
			name = Debug;
		};
		20716BB12D4FB4FB0078C14D /* Release */ = {
			isa = XCBuildConfiguration;
			baseConfigurationReference = BA4C76F23E88427EB8559346 /* Pods-MySimpleIosAppTests.release.xcconfig */;
			buildSettings = {
				BUNDLE_LOADER = "$(TEST_HOST)";
				CODE_SIGN_STYLE = Automatic;
				CURRENT_PROJECT_VERSION = 1;
				GENERATE_INFOPLIST_FILE = YES;
				IPHONEOS_DEPLOYMENT_TARGET = 18.2;
				MARKETING_VERSION = 1.0;
				PRODUCT_BUNDLE_IDENTIFIER = com.rohit.MySimpleIosAppTests;
				PRODUCT_NAME = "$(TARGET_NAME)";
				SWIFT_EMIT_LOC_STRINGS = NO;
				SWIFT_VERSION = 5.0;
				TARGETED_DEVICE_FAMILY = "1,2";
				TEST_HOST = "$(BUILT_PRODUCTS_DIR)/MySimpleIosApp.app/$(BUNDLE_EXECUTABLE_FOLDER_PATH)/MySimpleIosApp";
			};
			name = Release;
		};
		20716BB32D4FB4FB0078C14D /* Debug */ = {
			isa = XCBuildConfiguration;
			baseConfigurationReference = 94DFE70C6881E6F7E3517354 /* Pods-MySimpleIosAppUITests.debug.xcconfig */;
			buildSettings = {
				CODE_SIGN_STYLE = Automatic;
				CURRENT_PROJECT_VERSION = 1;
				GENERATE_INFOPLIST_FILE = YES;
				MARKETING_VERSION = 1.0;
				PRODUCT_BUNDLE_IDENTIFIER = com.rohit.MySimpleIosAppUITests;
				PRODUCT_NAME = "$(TARGET_NAME)";
				SWIFT_EMIT_LOC_STRINGS = NO;
				SWIFT_VERSION = 5.0;
				TARGETED_DEVICE_FAMILY = "1,2";
				TEST_TARGET_NAME = MySimpleIosApp;
			};
			name = Debug;
		};
		20716BB42D4FB4FB0078C14D /* Release */ = {
			isa = XCBuildConfiguration;
			baseConfigurationReference = FB53B958290DF493396AB671 /* Pods-MySimpleIosAppUITests.release.xcconfig */;
			buildSettings = {
				CODE_SIGN_STYLE = Automatic;
				CURRENT_PROJECT_VERSION = 1;
				GENERATE_INFOPLIST_FILE = YES;
				MARKETING_VERSION = 1.0;
				PRODUCT_BUNDLE_IDENTIFIER = com.rohit.MySimpleIosAppUITests;
				PRODUCT_NAME = "$(TARGET_NAME)";
				SWIFT_EMIT_LOC_STRINGS = NO;
				SWIFT_VERSION = 5.0;
				TARGETED_DEVICE_FAMILY = "1,2";
				TEST_TARGET_NAME = MySimpleIosApp;
			};
			name = Release;
		};
/* End XCBuildConfiguration section */

/* Begin XCConfigurationList section */
		20716B832D4FB4FA0078C14D /* Build configuration list for PBXProject "MySimpleIosApp" */ = {
			isa = XCConfigurationList;
			buildConfigurations = (
				20716BAA2D4FB4FB0078C14D /* Debug */,
				20716BAB2D4FB4FB0078C14D /* Release */,
			);
			defaultConfigurationIsVisible = 0;
			defaultConfigurationName = Release;
		};
		20716BAC2D4FB4FB0078C14D /* Build configuration list for PBXNativeTarget "MySimpleIosApp" */ = {
			isa = XCConfigurationList;
			buildConfigurations = (
				20716BAD2D4FB4FB0078C14D /* Debug */,
				20716BAE2D4FB4FB0078C14D /* Release */,
			);
			defaultConfigurationIsVisible = 0;
			defaultConfigurationName = Release;
		};
		20716BAF2D4FB4FB0078C14D /* Build configuration list for PBXNativeTarget "MySimpleIosAppTests" */ = {
			isa = XCConfigurationList;
			buildConfigurations = (
				20716BB02D4FB4FB0078C14D /* Debug */,
				20716BB12D4FB4FB0078C14D /* Release */,
			);
			defaultConfigurationIsVisible = 0;
			defaultConfigurationName = Release;
		};
		20716BB22D4FB4FB0078C14D /* Build configuration list for PBXNativeTarget "MySimpleIosAppUITests" */ = {
			isa = XCConfigurationList;
			buildConfigurations = (
				20716BB32D4FB4FB0078C14D /* Debug */,
				20716BB42D4FB4FB0078C14D /* Release */,
			);
			defaultConfigurationIsVisible = 0;
			defaultConfigurationName = Release;
		};
/* End XCConfigurationList section */
	};
	rootObject = 20716B802D4FB4FA0078C14D /* Project object */;
}
